
Microsoft Visual Studio Solution File, Format Version 12.00
# Visual Studio Version 16
VisualStudioVersion = 16.0.31129.286
MinimumVisualStudioVersion = 10.0.40219.1
Project("{FAE04EC0-301F-11D3-BF4B-00C04F79EFBC}") = "BROwser-API", "BROwser-API.csproj", "{FDCED7D2-D877-4A9D-8E22-99E81AFA119A}"
EndProject
Project("{FAE04EC0-301F-11D3-BF4B-00C04F79EFBC}") = "Application", "..\Application\Application.csproj", "{A528D164-810E-45A2-9FBD-444011CEBB50}"
EndProject
Project("{FAE04EC0-301F-11D3-BF4B-00C04F79EFBC}") = "Database", "..\Database\Database.csproj", "{60D6A232-9FFB-4EAB-8E18-F1EABE4D2E1E}"
EndProject
Project("{FAE04EC0-301F-11D3-BF4B-00C04F79EFBC}") = "Model", "..\Model\Model.csproj", "{BF0578D1-193D-46EA-B901-8C84D4432EAC}"
EndProject
Global
	GlobalSection(SolutionConfigurationPlatforms) = preSolution
		Debug|Any CPU = Debug|Any CPU
		Release|Any CPU = Release|Any CPU
	EndGlobalSection
	GlobalSection(ProjectConfigurationPlatforms) = postSolution
		{FDCED7D2-D877-4A9D-8E22-99E81AFA119A}.Debug|Any CPU.ActiveCfg = Debug|Any CPU
		{FDCED7D2-D877-4A9D-8E22-99E81AFA119A}.Debug|Any CPU.Build.0 = Debug|Any CPU
		{FDCED7D2-D877-4A9D-8E22-99E81AFA119A}.Release|Any CPU.ActiveCfg = Release|Any CPU
		{FDCED7D2-D877-4A9D-8E22-99E81AFA119A}.Release|Any CPU.Build.0 = Release|Any CPU
		{A528D164-810E-45A2-9FBD-444011CEBB50}.Debug|Any CPU.ActiveCfg = Debug|Any CPU
		{A528D164-810E-45A2-9FBD-444011CEBB50}.Debug|Any CPU.Build.0 = Debug|Any CPU
		{A528D164-810E-45A2-9FBD-444011CEBB50}.Release|Any CPU.ActiveCfg = Release|Any CPU
		{A528D164-810E-45A2-9FBD-444011CEBB50}.Release|Any CPU.Build.0 = Release|Any CPU
		{60D6A232-9FFB-4EAB-8E18-F1EABE4D2E1E}.Debug|Any CPU.ActiveCfg = Debug|Any CPU
		{60D6A232-9FFB-4EAB-8E18-F1EABE4D2E1E}.Debug|Any CPU.Build.0 = Debug|Any CPU
		{60D6A232-9FFB-4EAB-8E18-F1EABE4D2E1E}.Release|Any CPU.ActiveCfg = Release|Any CPU
		{60D6A232-9FFB-4EAB-8E18-F1EABE4D2E1E}.Release|Any CPU.Build.0 = Release|Any CPU
		{BF0578D1-193D-46EA-B901-8C84D4432EAC}.Debug|Any CPU.ActiveCfg = Debug|Any CPU
		{BF0578D1-193D-46EA-B901-8C84D4432EAC}.Debug|Any CPU.Build.0 = Debug|Any CPU
		{BF0578D1-193D-46EA-B901-8C84D4432EAC}.Release|Any CPU.ActiveCfg = Release|Any CPU
		{BF0578D1-193D-46EA-B901-8C84D4432EAC}.Release|Any CPU.Build.0 = Release|Any CPU
	EndGlobalSection
	GlobalSection(SolutionProperties) = preSolution
		HideSolutionNode = FALSE
	EndGlobalSection
	GlobalSection(ExtensibilityGlobals) = postSolution
		SolutionGuid = {D589B7C6-CBE5-400E-A5B6-A79FA9F362AE}
	EndGlobalSection
EndGlobal
